
Microsoft Visual Studio Solution File, Format Version 12.00
# Visual Studio 15
VisualStudioVersion = 15.0.27004.2005
MinimumVisualStudioVersion = 10.0.40219.1
Project("{8BC9CEB8-8B4A-11D0-8D11-00A0C91BC942}") = "hw", "hw\hw.vcxproj", "{FE28B98A-D5FD-4014-B118-E834B267CA26}"
EndProject
Global
	GlobalSection(SolutionConfigurationPlatforms) = preSolution
		Debug|x64 = Debug|x64
		Debug|x86 = Debug|x86
		Release|x64 = Release|x64
		Release|x86 = Release|x86
	EndGlobalSection
	GlobalSection(ProjectConfigurationPlatforms) = postSolution
		{FE28B98A-D5FD-4014-B118-E834B267CA26}.Debug|x64.ActiveCfg = Debug|x64
		{FE28B98A-D5FD-4014-B118-E834B267CA26}.Debug|x64.Build.0 = Debug|x64
		{FE28B98A-D5FD-4014-B118-E834B267CA26}.Debug|x86.ActiveCfg = Debug|Win32
		{FE28B98A-D5FD-4014-B118-E834B267CA26}.Debug|x86.Build.0 = Debug|Win32
		{FE28B98A-D5FD-4014-B118-E834B267CA26}.Release|x64.ActiveCfg = Release|x64
		{FE28B98A-D5FD-4014-B118-E834B267CA26}.Release|x64.Build.0 = Release|x64
		{FE28B98A-D5FD-4014-B118-E834B267CA26}.Release|x86.ActiveCfg = Release|Win32
		{FE28B98A-D5FD-4014-B118-E834B267CA26}.Release|x86.Build.0 = Release|Win32
	EndGlobalSection
	GlobalSection(SolutionProperties) = preSolution
		HideSolutionNode = FALSE
	EndGlobalSection
	GlobalSection(ExtensibilityGlobals) = postSolution
		SolutionGuid = {FC3798E2-594F-4E62-BACF-4B2732A0FFB2}
	EndGlobalSection
EndGlobal
